// !$*UTF8*$!
{
	archiveVersion = 1;
	classes = {
	};
	objectVersion = 46;
	objects = {

/* Begin PBXBuildFile section */
		638528B91B18B413005E7D39 /* BEFunctionView.m in Sources */ = {isa = PBXBuildFile; fileRef = 638528B81B18B413005E7D39 /* BEFunctionView.m */; };
		638528BD1B18B9A3005E7D39 /* app_13@2x.png in Resources */ = {isa = PBXBuildFile; fileRef = 638528BA1B18B9A3005E7D39 /* app_13@2x.png */; };
		638528BE1B18B9A3005E7D39 /* app_14@2x.png in Resources */ = {isa = PBXBuildFile; fileRef = 638528BB1B18B9A3005E7D39 /* app_14@2x.png */; };
		638528BF1B18B9A3005E7D39 /* app_15@2x.png in Resources */ = {isa = PBXBuildFile; fileRef = 638528BC1B18B9A3005E7D39 /* app_15@2x.png */; };
		638528C11B18BF14005E7D39 /* app_ca@2x.png in Resources */ = {isa = PBXBuildFile; fileRef = 638528C01B18BF14005E7D39 /* app_ca@2x.png */; };
		638528C41B18C7AB005E7D39 /* app_16@2x.png in Resources */ = {isa = PBXBuildFile; fileRef = 638528C21B18C7AB005E7D39 /* app_16@2x.png */; };
		638528C51B18C7AB005E7D39 /* app_17@2x.png in Resources */ = {isa = PBXBuildFile; fileRef = 638528C31B18C7AB005E7D39 /* app_17@2x.png */; };
		638528C91B18C856005E7D39 /* app_13share@2x.png in Resources */ = {isa = PBXBuildFile; fileRef = 638528C61B18C856005E7D39 /* app_13share@2x.png */; };
		638528CA1B18C856005E7D39 /* app_18share@2x.png in Resources */ = {isa = PBXBuildFile; fileRef = 638528C71B18C856005E7D39 /* app_18share@2x.png */; };
		638528CB1B18C856005E7D39 /* app_19share@2x.png in Resources */ = {isa = PBXBuildFile; fileRef = 638528C81B18C856005E7D39 /* app_19share@2x.png */; };
		638528CE1B18CA94005E7D39 /* Palette.m in Sources */ = {isa = PBXBuildFile; fileRef = 638528CD1B18CA94005E7D39 /* Palette.m */; settings = {COMPILER_FLAGS = "-fno-objc-arc"; }; };
		638528D01B18CABE005E7D39 /* CoreGraphics.framework in Frameworks */ = {isa = PBXBuildFile; fileRef = 638528CF1B18CABE005E7D39 /* CoreGraphics.framework */; };
		638528D21B18CACE005E7D39 /* QuartzCore.framework in Frameworks */ = {isa = PBXBuildFile; fileRef = 638528D11B18CACE005E7D39 /* QuartzCore.framework */; };
		638528D51B18D575005E7D39 /* GGCamera.m in Sources */ = {isa = PBXBuildFile; fileRef = 638528D41B18D575005E7D39 /* GGCamera.m */; };
		638528D81B18DDAC005E7D39 /* UIImage+Capture.m in Sources */ = {isa = PBXBuildFile; fileRef = 638528D71B18DDAC005E7D39 /* UIImage+Capture.m */; };
		638528DE1B18E1C4005E7D39 /* VMProgressHUD.m in Sources */ = {isa = PBXBuildFile; fileRef = 638528DD1B18E1C4005E7D39 /* VMProgressHUD.m */; };
		638528E11B18E95A005E7D39 /* CUSFlashLabel.m in Sources */ = {isa = PBXBuildFile; fileRef = 638528E01B18E95A005E7D39 /* CUSFlashLabel.m */; };
		6393AD131B17616800239BB6 /* main.m in Sources */ = {isa = PBXBuildFile; fileRef = 6393AD121B17616800239BB6 /* main.m */; };
		6393AD161B17616800239BB6 /* AppDelegate.m in Sources */ = {isa = PBXBuildFile; fileRef = 6393AD151B17616800239BB6 /* AppDelegate.m */; };
		6393AD191B17616800239BB6 /* ViewController.m in Sources */ = {isa = PBXBuildFile; fileRef = 6393AD181B17616800239BB6 /* ViewController.m */; };
		6393AD1C1B17616800239BB6 /* Main.storyboard in Resources */ = {isa = PBXBuildFile; fileRef = 6393AD1A1B17616800239BB6 /* Main.storyboard */; };
		6393AD1E1B17616800239BB6 /* Images.xcassets in Resources */ = {isa = PBXBuildFile; fileRef = 6393AD1D1B17616800239BB6 /* Images.xcassets */; };
		6393AD211B17616800239BB6 /* LaunchScreen.xib in Resources */ = {isa = PBXBuildFile; fileRef = 6393AD1F1B17616800239BB6 /* LaunchScreen.xib */; };
		6393AD2D1B17616800239BB6 /* BEMoreTests.m in Sources */ = {isa = PBXBuildFile; fileRef = 6393AD2C1B17616800239BB6 /* BEMoreTests.m */; };
		6393AD3A1B17633000239BB6 /* UINavigationController+VMAdditions.m in Sources */ = {isa = PBXBuildFile; fileRef = 6393AD391B17633000239BB6 /* UINavigationController+VMAdditions.m */; };
		6393AD421B1764F500239BB6 /* app_13_l@2x.png in Resources */ = {isa = PBXBuildFile; fileRef = 6393AD3F1B1764F500239BB6 /* app_13_l@2x.png */; };
		6393AD431B1764F500239BB6 /* app_14_l@2x.png in Resources */ = {isa = PBXBuildFile; fileRef = 6393AD401B1764F500239BB6 /* app_14_l@2x.png */; };
		6393AD441B1764F500239BB6 /* app_15_l@2x.png in Resources */ = {isa = PBXBuildFile; fileRef = 6393AD411B1764F500239BB6 /* app_15_l@2x.png */; };
		6393AD471B17651E00239BB6 /* start2@2x.png in Resources */ = {isa = PBXBuildFile; fileRef = 6393AD451B17651E00239BB6 /* start2@2x.png */; };
		6393AD481B17651E00239BB6 /* start1@2x.png in Resources */ = {isa = PBXBuildFile; fileRef = 6393AD461B17651E00239BB6 /* start1@2x.png */; };
		6393AD4A1B17665A00239BB6 /* app2.png in Resources */ = {isa = PBXBuildFile; fileRef = 6393AD491B17665A00239BB6 /* app2.png */; };
		BE917464ADF56CD9DAF59827 /* libPods.a in Frameworks */ = {isa = PBXBuildFile; fileRef = 7BA6A0A1DEEA7EB0DFF703F9 /* libPods.a */; };
/* End PBXBuildFile section */

/* Begin PBXContainerItemProxy section */
		6393AD271B17616800239BB6 /* PBXContainerItemProxy */ = {
			isa = PBXContainerItemProxy;
			containerPortal = 6393AD051B17616800239BB6 /* Project object */;
			proxyType = 1;
			remoteGlobalIDString = 6393AD0C1B17616800239BB6;
			remoteInfo = BEMore;
		};
/* End PBXContainerItemProxy section */

/* Begin PBXFileReference section */
		2E08FEB6A6AD9C5ABF6BA93A /* Pods.release.xcconfig */ = {isa = PBXFileReference; includeInIndex = 1; lastKnownFileType = text.xcconfig; name = Pods.release.xcconfig; path = "Pods/Target Support Files/Pods/Pods.release.xcconfig"; sourceTree = "<group>"; };
		638528B71B18B413005E7D39 /* BEFunctionView.h */ = {isa = PBXFileReference; fileEncoding = 4; lastKnownFileType = sourcecode.c.h; path = BEFunctionView.h; sourceTree = "<group>"; };
		638528B81B18B413005E7D39 /* BEFunctionView.m */ = {isa = PBXFileReference; fileEncoding = 4; lastKnownFileType = sourcecode.c.objc; path = BEFunctionView.m; sourceTree = "<group>"; };
		638528BA1B18B9A3005E7D39 /* app_13@2x.png */ = {isa = PBXFileReference; lastKnownFileType = image.png; path = "app_13@2x.png"; sourceTree = "<group>"; };
		638528BB1B18B9A3005E7D39 /* app_14@2x.png */ = {isa = PBXFileReference; lastKnownFileType = image.png; path = "app_14@2x.png"; sourceTree = "<group>"; };
		638528BC1B18B9A3005E7D39 /* app_15@2x.png */ = {isa = PBXFileReference; lastKnownFileType = image.png; path = "app_15@2x.png"; sourceTree = "<group>"; };
		638528C01B18BF14005E7D39 /* app_ca@2x.png */ = {isa = PBXFileReference; lastKnownFileType = image.png; path = "app_ca@2x.png"; sourceTree = "<group>"; };
		638528C21B18C7AB005E7D39 /* app_16@2x.png */ = {isa = PBXFileReference; lastKnownFileType = image.png; path = "app_16@2x.png"; sourceTree = "<group>"; };
		638528C31B18C7AB005E7D39 /* app_17@2x.png */ = {isa = PBXFileReference; lastKnownFileType = image.png; path = "app_17@2x.png"; sourceTree = "<group>"; };
		638528C61B18C856005E7D39 /* app_13share@2x.png */ = {isa = PBXFileReference; lastKnownFileType = image.png; path = "app_13share@2x.png"; sourceTree = "<group>"; };
		638528C71B18C856005E7D39 /* app_18share@2x.png */ = {isa = PBXFileReference; lastKnownFileType = image.png; path = "app_18share@2x.png"; sourceTree = "<group>"; };
		638528C81B18C856005E7D39 /* app_19share@2x.png */ = {isa = PBXFileReference; lastKnownFileType = image.png; path = "app_19share@2x.png"; sourceTree = "<group>"; };
		638528CC1B18CA94005E7D39 /* Palette.h */ = {isa = PBXFileReference; fileEncoding = 4; lastKnownFileType = sourcecode.c.h; path = Palette.h; sourceTree = "<group>"; };
		638528CD1B18CA94005E7D39 /* Palette.m */ = {isa = PBXFileReference; fileEncoding = 4; lastKnownFileType = sourcecode.c.objc; path = Palette.m; sourceTree = "<group>"; };
		638528CF1B18CABE005E7D39 /* CoreGraphics.framework */ = {isa = PBXFileReference; lastKnownFileType = wrapper.framework; name = CoreGraphics.framework; path = System/Library/Frameworks/CoreGraphics.framework; sourceTree = SDKROOT; };
		638528D11B18CACE005E7D39 /* QuartzCore.framework */ = {isa = PBXFileReference; lastKnownFileType = wrapper.framework; name = QuartzCore.framework; path = System/Library/Frameworks/QuartzCore.framework; sourceTree = SDKROOT; };
		638528D31B18D575005E7D39 /* GGCamera.h */ = {isa = PBXFileReference; fileEncoding = 4; lastKnownFileType = sourcecode.c.h; path = GGCamera.h; sourceTree = "<group>"; };
		638528D41B18D575005E7D39 /* GGCamera.m */ = {isa = PBXFileReference; fileEncoding = 4; lastKnownFileType = sourcecode.c.objc; path = GGCamera.m; sourceTree = "<group>"; };
		638528D61B18DDAC005E7D39 /* UIImage+Capture.h */ = {isa = PBXFileReference; fileEncoding = 4; lastKnownFileType = sourcecode.c.h; path = "UIImage+Capture.h"; sourceTree = "<group>"; };
		638528D71B18DDAC005E7D39 /* UIImage+Capture.m */ = {isa = PBXFileReference; fileEncoding = 4; lastKnownFileType = sourcecode.c.objc; path = "UIImage+Capture.m"; sourceTree = "<group>"; };
		638528DC1B18E1C4005E7D39 /* VMProgressHUD.h */ = {isa = PBXFileReference; fileEncoding = 4; lastKnownFileType = sourcecode.c.h; path = VMProgressHUD.h; sourceTree = "<group>"; };
		638528DD1B18E1C4005E7D39 /* VMProgressHUD.m */ = {isa = PBXFileReference; fileEncoding = 4; lastKnownFileType = sourcecode.c.objc; path = VMProgressHUD.m; sourceTree = "<group>"; };
		638528DF1B18E95A005E7D39 /* CUSFlashLabel.h */ = {isa = PBXFileReference; fileEncoding = 4; lastKnownFileType = sourcecode.c.h; path = CUSFlashLabel.h; sourceTree = "<group>"; };
		638528E01B18E95A005E7D39 /* CUSFlashLabel.m */ = {isa = PBXFileReference; fileEncoding = 4; lastKnownFileType = sourcecode.c.objc; path = CUSFlashLabel.m; sourceTree = "<group>"; };
		6393AD0D1B17616800239BB6 /* BEMore.app */ = {isa = PBXFileReference; explicitFileType = wrapper.application; includeInIndex = 0; path = BEMore.app; sourceTree = BUILT_PRODUCTS_DIR; };
		6393AD111B17616800239BB6 /* Info.plist */ = {isa = PBXFileReference; lastKnownFileType = text.plist.xml; path = Info.plist; sourceTree = "<group>"; };
		6393AD121B17616800239BB6 /* main.m */ = {isa = PBXFileReference; lastKnownFileType = sourcecode.c.objc; path = main.m; sourceTree = "<group>"; };
		6393AD141B17616800239BB6 /* AppDelegate.h */ = {isa = PBXFileReference; lastKnownFileType = sourcecode.c.h; path = AppDelegate.h; sourceTree = "<group>"; };
		6393AD151B17616800239BB6 /* AppDelegate.m */ = {isa = PBXFileReference; lastKnownFileType = sourcecode.c.objc; path = AppDelegate.m; sourceTree = "<group>"; };
		6393AD171B17616800239BB6 /* ViewController.h */ = {isa = PBXFileReference; lastKnownFileType = sourcecode.c.h; path = ViewController.h; sourceTree = "<group>"; };
		6393AD181B17616800239BB6 /* ViewController.m */ = {isa = PBXFileReference; lastKnownFileType = sourcecode.c.objc; path = ViewController.m; sourceTree = "<group>"; };
		6393AD1B1B17616800239BB6 /* Base */ = {isa = PBXFileReference; lastKnownFileType = file.storyboard; name = Base; path = Base.lproj/Main.storyboard; sourceTree = "<group>"; };
		6393AD1D1B17616800239BB6 /* Images.xcassets */ = {isa = PBXFileReference; lastKnownFileType = folder.assetcatalog; path = Images.xcassets; sourceTree = "<group>"; };
		6393AD201B17616800239BB6 /* Base */ = {isa = PBXFileReference; lastKnownFileType = file.xib; name = Base; path = Base.lproj/LaunchScreen.xib; sourceTree = "<group>"; };
		6393AD261B17616800239BB6 /* BEMoreTests.xctest */ = {isa = PBXFileReference; explicitFileType = wrapper.cfbundle; includeInIndex = 0; path = BEMoreTests.xctest; sourceTree = BUILT_PRODUCTS_DIR; };
		6393AD2B1B17616800239BB6 /* Info.plist */ = {isa = PBXFileReference; lastKnownFileType = text.plist.xml; path = Info.plist; sourceTree = "<group>"; };
		6393AD2C1B17616800239BB6 /* BEMoreTests.m */ = {isa = PBXFileReference; lastKnownFileType = sourcecode.c.objc; path = BEMoreTests.m; sourceTree = "<group>"; };
		6393AD381B17633000239BB6 /* UINavigationController+VMAdditions.h */ = {isa = PBXFileReference; fileEncoding = 4; lastKnownFileType = sourcecode.c.h; path = "UINavigationController+VMAdditions.h"; sourceTree = "<group>"; };
		6393AD391B17633000239BB6 /* UINavigationController+VMAdditions.m */ = {isa = PBXFileReference; fileEncoding = 4; lastKnownFileType = sourcecode.c.objc; path = "UINavigationController+VMAdditions.m"; sourceTree = "<group>"; };
		6393AD3B1B17635300239BB6 /* BMCategories-Header.h */ = {isa = PBXFileReference; lastKnownFileType = sourcecode.c.h; path = "BMCategories-Header.h"; sourceTree = "<group>"; };
		6393AD3C1B17637200239BB6 /* PrefixHeader.pch */ = {isa = PBXFileReference; lastKnownFileType = sourcecode.c.h; path = PrefixHeader.pch; sourceTree = "<group>"; };
		6393AD3D1B17642300239BB6 /* AppGlobal.h */ = {isa = PBXFileReference; lastKnownFileType = sourcecode.c.h; path = AppGlobal.h; sourceTree = "<group>"; };
		6393AD3F1B1764F500239BB6 /* app_13_l@2x.png */ = {isa = PBXFileReference; lastKnownFileType = image.png; path = "app_13_l@2x.png"; sourceTree = "<group>"; };
		6393AD401B1764F500239BB6 /* app_14_l@2x.png */ = {isa = PBXFileReference; lastKnownFileType = image.png; path = "app_14_l@2x.png"; sourceTree = "<group>"; };
		6393AD411B1764F500239BB6 /* app_15_l@2x.png */ = {isa = PBXFileReference; lastKnownFileType = image.png; path = "app_15_l@2x.png"; sourceTree = "<group>"; };
		6393AD451B17651E00239BB6 /* start2@2x.png */ = {isa = PBXFileReference; lastKnownFileType = image.png; path = "start2@2x.png"; sourceTree = "<group>"; };
		6393AD461B17651E00239BB6 /* start1@2x.png */ = {isa = PBXFileReference; lastKnownFileType = image.png; path = "start1@2x.png"; sourceTree = "<group>"; };
		6393AD491B17665A00239BB6 /* app2.png */ = {isa = PBXFileReference; lastKnownFileType = image.png; path = app2.png; sourceTree = "<group>"; };
		7BA6A0A1DEEA7EB0DFF703F9 /* libPods.a */ = {isa = PBXFileReference; explicitFileType = archive.ar; includeInIndex = 0; path = libPods.a; sourceTree = BUILT_PRODUCTS_DIR; };
		99910F73610D128F0D5DF269 /* Pods.debug.xcconfig */ = {isa = PBXFileReference; includeInIndex = 1; lastKnownFileType = text.xcconfig; name = Pods.debug.xcconfig; path = "Pods/Target Support Files/Pods/Pods.debug.xcconfig"; sourceTree = "<group>"; };
/* End PBXFileReference section */

/* Begin PBXFrameworksBuildPhase section */
		6393AD0A1B17616800239BB6 /* Frameworks */ = {
			isa = PBXFrameworksBuildPhase;
			buildActionMask = 2147483647;
			files = (
				638528D21B18CACE005E7D39 /* QuartzCore.framework in Frameworks */,
				638528D01B18CABE005E7D39 /* CoreGraphics.framework in Frameworks */,
				BE917464ADF56CD9DAF59827 /* libPods.a in Frameworks */,
			);
			runOnlyForDeploymentPostprocessing = 0;
		};
		6393AD231B17616800239BB6 /* Frameworks */ = {
			isa = PBXFrameworksBuildPhase;
			buildActionMask = 2147483647;
			files = (
			);
			runOnlyForDeploymentPostprocessing = 0;
		};
/* End PBXFrameworksBuildPhase section */

/* Begin PBXGroup section */
		638528B61B18B3FA005E7D39 /* View */ = {
			isa = PBXGroup;
			children = (
				638528B71B18B413005E7D39 /* BEFunctionView.h */,
				638528B81B18B413005E7D39 /* BEFunctionView.m */,
				638528CC1B18CA94005E7D39 /* Palette.h */,
				638528CD1B18CA94005E7D39 /* Palette.m */,
				638528DC1B18E1C4005E7D39 /* VMProgressHUD.h */,
				638528DD1B18E1C4005E7D39 /* VMProgressHUD.m */,
				638528DF1B18E95A005E7D39 /* CUSFlashLabel.h */,
				638528E01B18E95A005E7D39 /* CUSFlashLabel.m */,
			);
			name = View;
			sourceTree = "<group>";
		};
		6393AD041B17616800239BB6 = {
			isa = PBXGroup;
			children = (
				638528D11B18CACE005E7D39 /* QuartzCore.framework */,
				638528CF1B18CABE005E7D39 /* CoreGraphics.framework */,
				6393AD0F1B17616800239BB6 /* BEMore */,
				6393AD291B17616800239BB6 /* BEMoreTests */,
				6393AD0E1B17616800239BB6 /* Products */,
				AE5C9B3F118BF4621FBB432B /* Pods */,
				6B78D54EF11230E1CBB5118F /* Frameworks */,
			);
			sourceTree = "<group>";
		};
		6393AD0E1B17616800239BB6 /* Products */ = {
			isa = PBXGroup;
			children = (
				6393AD0D1B17616800239BB6 /* BEMore.app */,
				6393AD261B17616800239BB6 /* BEMoreTests.xctest */,
			);
			name = Products;
			sourceTree = "<group>";
		};
		6393AD0F1B17616800239BB6 /* BEMore */ = {
			isa = PBXGroup;
			children = (
				6393AD361B17629600239BB6 /* Class */,
				6393AD3D1B17642300239BB6 /* AppGlobal.h */,
				6393AD141B17616800239BB6 /* AppDelegate.h */,
				6393AD151B17616800239BB6 /* AppDelegate.m */,
				6393AD171B17616800239BB6 /* ViewController.h */,
				6393AD181B17616800239BB6 /* ViewController.m */,
				6393AD1A1B17616800239BB6 /* Main.storyboard */,
				6393AD1D1B17616800239BB6 /* Images.xcassets */,
				6393AD1F1B17616800239BB6 /* LaunchScreen.xib */,
				6393AD101B17616800239BB6 /* Supporting Files */,
			);
			path = BEMore;
			sourceTree = "<group>";
		};
		6393AD101B17616800239BB6 /* Supporting Files */ = {
			isa = PBXGroup;
			children = (
				6393AD3E1B17649D00239BB6 /* Resources */,
				6393AD111B17616800239BB6 /* Info.plist */,
				6393AD121B17616800239BB6 /* main.m */,
				6393AD3C1B17637200239BB6 /* PrefixHeader.pch */,
			);
			name = "Supporting Files";
			sourceTree = "<group>";
		};
		6393AD291B17616800239BB6 /* BEMoreTests */ = {
			isa = PBXGroup;
			children = (
				6393AD2C1B17616800239BB6 /* BEMoreTests.m */,
				6393AD2A1B17616800239BB6 /* Supporting Files */,
			);
			path = BEMoreTests;
			sourceTree = "<group>";
		};
		6393AD2A1B17616800239BB6 /* Supporting Files */ = {
			isa = PBXGroup;
			children = (
				6393AD2B1B17616800239BB6 /* Info.plist */,
			);
			name = "Supporting Files";
			sourceTree = "<group>";
		};
		6393AD361B17629600239BB6 /* Class */ = {
			isa = PBXGroup;
			children = (
				638528B61B18B3FA005E7D39 /* View */,
				6393AD371B17629F00239BB6 /* Categories */,
			);
			name = Class;
			sourceTree = "<group>";
		};
		6393AD371B17629F00239BB6 /* Categories */ = {
			isa = PBXGroup;
			children = (
				6393AD3B1B17635300239BB6 /* BMCategories-Header.h */,
				6393AD381B17633000239BB6 /* UINavigationController+VMAdditions.h */,
				6393AD391B17633000239BB6 /* UINavigationController+VMAdditions.m */,
				638528D31B18D575005E7D39 /* GGCamera.h */,
				638528D41B18D575005E7D39 /* GGCamera.m */,
				638528D61B18DDAC005E7D39 /* UIImage+Capture.h */,
				638528D71B18DDAC005E7D39 /* UIImage+Capture.m */,
			);
			name = Categories;
			sourceTree = "<group>";
		};
		6393AD3E1B17649D00239BB6 /* Resources */ = {
			isa = PBXGroup;
			children = (
				638528BA1B18B9A3005E7D39 /* app_13@2x.png */,
				638528BB1B18B9A3005E7D39 /* app_14@2x.png */,
				638528BC1B18B9A3005E7D39 /* app_15@2x.png */,
				6393AD3F1B1764F500239BB6 /* app_13_l@2x.png */,
				6393AD401B1764F500239BB6 /* app_14_l@2x.png */,
				6393AD411B1764F500239BB6 /* app_15_l@2x.png */,
				638528C01B18BF14005E7D39 /* app_ca@2x.png */,
				638528C21B18C7AB005E7D39 /* app_16@2x.png */,
				638528C31B18C7AB005E7D39 /* app_17@2x.png */,
				638528C61B18C856005E7D39 /* app_13share@2x.png */,
				638528C71B18C856005E7D39 /* app_18share@2x.png */,
				638528C81B18C856005E7D39 /* app_19share@2x.png */,
				6393AD451B17651E00239BB6 /* start2@2x.png */,
				6393AD461B17651E00239BB6 /* start1@2x.png */,
				6393AD491B17665A00239BB6 /* app2.png */,
			);
			name = Resources;
			sourceTree = "<group>";
		};
		6B78D54EF11230E1CBB5118F /* Frameworks */ = {
			isa = PBXGroup;
			children = (
				7BA6A0A1DEEA7EB0DFF703F9 /* libPods.a */,
			);
			name = Frameworks;
			sourceTree = "<group>";
		};
		AE5C9B3F118BF4621FBB432B /* Pods */ = {
			isa = PBXGroup;
			children = (
				99910F73610D128F0D5DF269 /* Pods.debug.xcconfig */,
				2E08FEB6A6AD9C5ABF6BA93A /* Pods.release.xcconfig */,
			);
			name = Pods;
			sourceTree = "<group>";
		};
/* End PBXGroup section */

/* Begin PBXNativeTarget section */
		6393AD0C1B17616800239BB6 /* BEMore */ = {
			isa = PBXNativeTarget;
			buildConfigurationList = 6393AD301B17616800239BB6 /* Build configuration list for PBXNativeTarget "BEMore" */;
			buildPhases = (
				A60C2560AB9F87D099ED27B7 /* Check Pods Manifest.lock */,
				6393AD091B17616800239BB6 /* Sources */,
				6393AD0A1B17616800239BB6 /* Frameworks */,
				6393AD0B1B17616800239BB6 /* Resources */,
				503A7D1571DC23ADB9F4F2F3 /* Copy Pods Resources */,
			);
			buildRules = (
			);
			dependencies = (
			);
			name = BEMore;
			productName = BEMore;
			productReference = 6393AD0D1B17616800239BB6 /* BEMore.app */;
			productType = "com.apple.product-type.application";
		};
		6393AD251B17616800239BB6 /* BEMoreTests */ = {
			isa = PBXNativeTarget;
			buildConfigurationList = 6393AD331B17616800239BB6 /* Build configuration list for PBXNativeTarget "BEMoreTests" */;
			buildPhases = (
				6393AD221B17616800239BB6 /* Sources */,
				6393AD231B17616800239BB6 /* Frameworks */,
				6393AD241B17616800239BB6 /* Resources */,
			);
			buildRules = (
			);
			dependencies = (
				6393AD281B17616800239BB6 /* PBXTargetDependency */,
			);
			name = BEMoreTests;
			productName = BEMoreTests;
			productReference = 6393AD261B17616800239BB6 /* BEMoreTests.xctest */;
			productType = "com.apple.product-type.bundle.unit-test";
		};
/* End PBXNativeTarget section */

/* Begin PBXProject section */
		6393AD051B17616800239BB6 /* Project object */ = {
			isa = PBXProject;
			attributes = {
				LastUpgradeCheck = 0630;
				ORGANIZATIONNAME = "__无邪_";
				TargetAttributes = {
					6393AD0C1B17616800239BB6 = {
						CreatedOnToolsVersion = 6.3.2;
					};
					6393AD251B17616800239BB6 = {
						CreatedOnToolsVersion = 6.3.2;
						TestTargetID = 6393AD0C1B17616800239BB6;
					};
				};
			};
			buildConfigurationList = 6393AD081B17616800239BB6 /* Build configuration list for PBXProject "BEMore" */;
			compatibilityVersion = "Xcode 3.2";
			developmentRegion = English;
			hasScannedForEncodings = 0;
			knownRegions = (
				en,
				Base,
			);
			mainGroup = 6393AD041B17616800239BB6;
			productRefGroup = 6393AD0E1B17616800239BB6 /* Products */;
			projectDirPath = "";
			projectRoot = "";
			targets = (
				6393AD0C1B17616800239BB6 /* BEMore */,
				6393AD251B17616800239BB6 /* BEMoreTests */,
			);
		};
/* End PBXProject section */

/* Begin PBXResourcesBuildPhase section */
		6393AD0B1B17616800239BB6 /* Resources */ = {
			isa = PBXResourcesBuildPhase;
			buildActionMask = 2147483647;
			files = (
				638528BD1B18B9A3005E7D39 /* app_13@2x.png in Resources */,
				6393AD1C1B17616800239BB6 /* Main.storyboard in Resources */,
				6393AD421B1764F500239BB6 /* app_13_l@2x.png in Resources */,
				638528C11B18BF14005E7D39 /* app_ca@2x.png in Resources */,
				6393AD4A1B17665A00239BB6 /* app2.png in Resources */,
				6393AD211B17616800239BB6 /* LaunchScreen.xib in Resources */,
				638528CB1B18C856005E7D39 /* app_19share@2x.png in Resources */,
				638528CA1B18C856005E7D39 /* app_18share@2x.png in Resources */,
				638528C91B18C856005E7D39 /* app_13share@2x.png in Resources */,
				6393AD431B1764F500239BB6 /* app_14_l@2x.png in Resources */,
				638528C41B18C7AB005E7D39 /* app_16@2x.png in Resources */,
				6393AD481B17651E00239BB6 /* start1@2x.png in Resources */,
				6393AD471B17651E00239BB6 /* start2@2x.png in Resources */,
				638528BF1B18B9A3005E7D39 /* app_15@2x.png in Resources */,
				6393AD1E1B17616800239BB6 /* Images.xcassets in Resources */,
				638528BE1B18B9A3005E7D39 /* app_14@2x.png in Resources */,
				638528C51B18C7AB005E7D39 /* app_17@2x.png in Resources */,
				6393AD441B1764F500239BB6 /* app_15_l@2x.png in Resources */,
			);
			runOnlyForDeploymentPostprocessing = 0;
		};
		6393AD241B17616800239BB6 /* Resources */ = {
			isa = PBXResourcesBuildPhase;
			buildActionMask = 2147483647;
			files = (
			);
			runOnlyForDeploymentPostprocessing = 0;
		};
/* End PBXResourcesBuildPhase section */

/* Begin PBXShellScriptBuildPhase section */
		503A7D1571DC23ADB9F4F2F3 /* Copy Pods Resources */ = {
			isa = PBXShellScriptBuildPhase;
			buildActionMask = 2147483647;
			files = (
			);
			inputPaths = (
			);
			name = "Copy Pods Resources";
			outputPaths = (
			);
			runOnlyForDeploymentPostprocessing = 0;
			shellPath = /bin/sh;
			shellScript = "\"${SRCROOT}/Pods/Target Support Files/Pods/Pods-resources.sh\"\n";
			showEnvVarsInLog = 0;
		};
		A60C2560AB9F87D099ED27B7 /* Check Pods Manifest.lock */ = {
			isa = PBXShellScriptBuildPhase;
			buildActionMask = 2147483647;
			files = (
			);
			inputPaths = (
			);
			name = "Check Pods Manifest.lock";
			outputPaths = (
			);
			runOnlyForDeploymentPostprocessing = 0;
			shellPath = /bin/sh;
			shellScript = "diff \"${PODS_ROOT}/../Podfile.lock\" \"${PODS_ROOT}/Manifest.lock\" > /dev/null\nif [[ $? != 0 ]] ; then\n    cat << EOM\nerror: The sandbox is not in sync with the Podfile.lock. Run 'pod install' or update your CocoaPods installation.\nEOM\n    exit 1\nfi\n";
			showEnvVarsInLog = 0;
		};
/* End PBXShellScriptBuildPhase section */

/* Begin PBXSourcesBuildPhase section */
		6393AD091B17616800239BB6 /* Sources */ = {
			isa = PBXSourcesBuildPhase;
			buildActionMask = 2147483647;
			files = (
				6393AD191B17616800239BB6 /* ViewController.m in Sources */,
				638528DE1B18E1C4005E7D39 /* VMProgressHUD.m in Sources */,
				6393AD161B17616800239BB6 /* AppDelegate.m in Sources */,
				638528D51B18D575005E7D39 /* GGCamera.m in Sources */,
				6393AD3A1B17633000239BB6 /* UINavigationController+VMAdditions.m in Sources */,
				638528E11B18E95A005E7D39 /* CUSFlashLabel.m in Sources */,
				638528D81B18DDAC005E7D39 /* UIImage+Capture.m in Sources */,
				638528CE1B18CA94005E7D39 /* Palette.m in Sources */,
				6393AD131B17616800239BB6 /* main.m in Sources */,
				638528B91B18B413005E7D39 /* BEFunctionView.m in Sources */,
			);
			runOnlyForDeploymentPostprocessing = 0;
		};
		6393AD221B17616800239BB6 /* Sources */ = {
			isa = PBXSourcesBuildPhase;
			buildActionMask = 2147483647;
			files = (
				6393AD2D1B17616800239BB6 /* BEMoreTests.m in Sources */,
			);
			runOnlyForDeploymentPostprocessing = 0;
		};
/* End PBXSourcesBuildPhase section */

/* Begin PBXTargetDependency section */
		6393AD281B17616800239BB6 /* PBXTargetDependency */ = {
			isa = PBXTargetDependency;
			target = 6393AD0C1B17616800239BB6 /* BEMore */;
			targetProxy = 6393AD271B17616800239BB6 /* PBXContainerItemProxy */;
		};
/* End PBXTargetDependency section */

/* Begin PBXVariantGroup section */
		6393AD1A1B17616800239BB6 /* Main.storyboard */ = {
			isa = PBXVariantGroup;
			children = (
				6393AD1B1B17616800239BB6 /* Base */,
			);
			name = Main.storyboard;
			sourceTree = "<group>";
		};
		6393AD1F1B17616800239BB6 /* LaunchScreen.xib */ = {
			isa = PBXVariantGroup;
			children = (
				6393AD201B17616800239BB6 /* Base */,
			);
			name = LaunchScreen.xib;
			sourceTree = "<group>";
		};
/* End PBXVariantGroup section */

/* Begin XCBuildConfiguration section */
		6393AD2E1B17616800239BB6 /* Debug */ = {
			isa = XCBuildConfiguration;
			buildSettings = {
				ALWAYS_SEARCH_USER_PATHS = NO;
				CLANG_CXX_LANGUAGE_STANDARD = "gnu++0x";
				CLANG_CXX_LIBRARY = "libc++";
				CLANG_ENABLE_MODULES = YES;
				CLANG_ENABLE_OBJC_ARC = YES;
				CLANG_WARN_BOOL_CONVERSION = YES;
				CLANG_WARN_CONSTANT_CONVERSION = YES;
				CLANG_WARN_DIRECT_OBJC_ISA_USAGE = YES_ERROR;
				CLANG_WARN_EMPTY_BODY = YES;
				CLANG_WARN_ENUM_CONVERSION = YES;
				CLANG_WARN_INT_CONVERSION = YES;
				CLANG_WARN_OBJC_ROOT_CLASS = YES_ERROR;
				CLANG_WARN_UNREACHABLE_CODE = YES;
				CLANG_WARN__DUPLICATE_METHOD_MATCH = YES;
				CODE_SIGN_IDENTITY = "iPhone Developer: XianShun Chen (75FLFJ42ES)";
				"CODE_SIGN_IDENTITY[sdk=iphoneos*]" = "iPhone Developer";
				COPY_PHASE_STRIP = NO;
				DEBUG_INFORMATION_FORMAT = "dwarf-with-dsym";
				ENABLE_STRICT_OBJC_MSGSEND = YES;
				GCC_C_LANGUAGE_STANDARD = gnu99;
				GCC_DYNAMIC_NO_PIC = NO;
				GCC_NO_COMMON_BLOCKS = YES;
				GCC_OPTIMIZATION_LEVEL = 0;
				GCC_PREPROCESSOR_DEFINITIONS = (
					"DEBUG=1",
					"$(inherited)",
				);
				GCC_SYMBOLS_PRIVATE_EXTERN = NO;
				GCC_WARN_64_TO_32_BIT_CONVERSION = YES;
				GCC_WARN_ABOUT_RETURN_TYPE = YES_ERROR;
				GCC_WARN_UNDECLARED_SELECTOR = YES;
				GCC_WARN_UNINITIALIZED_AUTOS = YES_AGGRESSIVE;
				GCC_WARN_UNUSED_FUNCTION = YES;
				GCC_WARN_UNUSED_VARIABLE = YES;
				IPHONEOS_DEPLOYMENT_TARGET = 8.3;
				MTL_ENABLE_DEBUG_INFO = YES;
				ONLY_ACTIVE_ARCH = YES;
				PROVISIONING_PROFILE = "afb02b51-302a-4a1b-b43a-24f5e3e04e9b";
				SDKROOT = iphoneos;
				TARGETED_DEVICE_FAMILY = "1,2";
			};
			name = Debug;
		};
		6393AD2F1B17616800239BB6 /* Release */ = {
			isa = XCBuildConfiguration;
			buildSettings = {
				ALWAYS_SEARCH_USER_PATHS = NO;
				CLANG_CXX_LANGUAGE_STANDARD = "gnu++0x";
				CLANG_CXX_LIBRARY = "libc++";
				CLANG_ENABLE_MODULES = YES;
				CLANG_ENABLE_OBJC_ARC = YES;
				CLANG_WARN_BOOL_CONVERSION = YES;
				CLANG_WARN_CONSTANT_CONVERSION = YES;
				CLANG_WARN_DIRECT_OBJC_ISA_USAGE = YES_ERROR;
				CLANG_WARN_EMPTY_BODY = YES;
				CLANG_WARN_ENUM_CONVERSION = YES;
				CLANG_WARN_INT_CONVERSION = YES;
				CLANG_WARN_OBJC_ROOT_CLASS = YES_ERROR;
				CLANG_WARN_UNREACHABLE_CODE = YES;
				CLANG_WARN__DUPLICATE_METHOD_MATCH = YES;
				CODE_SIGN_IDENTITY = "iPhone Developer: XianShun Chen (75FLFJ42ES)";
				"CODE_SIGN_IDENTITY[sdk=iphoneos*]" = "iPhone Developer";
				COPY_PHASE_STRIP = NO;
				DEBUG_INFORMATION_FORMAT = "dwarf-with-dsym";
				ENABLE_NS_ASSERTIONS = NO;
				ENABLE_STRICT_OBJC_MSGSEND = YES;
				GCC_C_LANGUAGE_STANDARD = gnu99;
				GCC_NO_COMMON_BLOCKS = YES;
				GCC_WARN_64_TO_32_BIT_CONVERSION = YES;
				GCC_WARN_ABOUT_RETURN_TYPE = YES_ERROR;
				GCC_WARN_UNDECLARED_SELECTOR = YES;
				GCC_WARN_UNINITIALIZED_AUTOS = YES_AGGRESSIVE;
				GCC_WARN_UNUSED_FUNCTION = YES;
				GCC_WARN_UNUSED_VARIABLE = YES;
				IPHONEOS_DEPLOYMENT_TARGET = 8.3;
				MTL_ENABLE_DEBUG_INFO = NO;
				PROVISIONING_PROFILE = "afb02b51-302a-4a1b-b43a-24f5e3e04e9b";
				SDKROOT = iphoneos;
				TARGETED_DEVICE_FAMILY = "1,2";
				VALIDATE_PRODUCT = YES;
			};
			name = Release;
		};
		6393AD311B17616800239BB6 /* Debug */ = {
			isa = XCBuildConfiguration;
			baseConfigurationReference = 99910F73610D128F0D5DF269 /* Pods.debug.xcconfig */;
			buildSettings = {
				ASSETCATALOG_COMPILER_APPICON_NAME = AppIcon;
				CODE_SIGN_IDENTITY = "iPhone Developer: XianShun Chen (75FLFJ42ES)";
				"CODE_SIGN_IDENTITY[sdk=iphoneos*]" = "iPhone Developer: XianShun Chen (75FLFJ42ES)";
				GCC_INCREASE_PRECOMPILED_HEADER_SHARING = YES;
				GCC_PRECOMPILE_PREFIX_HEADER = YES;
				GCC_PREFIX_HEADER = "$(SRCROOT)/BEMore/PrefixHeader.pch";
				INFOPLIST_FILE = BEMore/Info.plist;
				LD_RUNPATH_SEARCH_PATHS = "$(inherited) @executable_path/Frameworks";
				PRODUCT_NAME = "$(TARGET_NAME)";
				PROVISIONING_PROFILE = "afb02b51-302a-4a1b-b43a-24f5e3e04e9b";
			};
			name = Debug;
		};
		6393AD321B17616800239BB6 /* Release */ = {
			isa = XCBuildConfiguration;
			baseConfigurationReference = 2E08FEB6A6AD9C5ABF6BA93A /* Pods.release.xcconfig */;
			buildSettings = {
				ASSETCATALOG_COMPILER_APPICON_NAME = AppIcon;
				CODE_SIGN_IDENTITY = "iPhone Developer: XianShun Chen (75FLFJ42ES)";
				"CODE_SIGN_IDENTITY[sdk=iphoneos*]" = "iPhone Developer: XianShun Chen (75FLFJ42ES)";
				GCC_INCREASE_PRECOMPILED_HEADER_SHARING = YES;
				GCC_PRECOMPILE_PREFIX_HEADER = YES;
				GCC_PREFIX_HEADER = "$(SRCROOT)/BEMore/PrefixHeader.pch";
				INFOPLIST_FILE = BEMore/Info.plist;
				LD_RUNPATH_SEARCH_PATHS = "$(inherited) @executable_path/Frameworks";
				PRODUCT_NAME = "$(TARGET_NAME)";
				PROVISIONING_PROFILE = "afb02b51-302a-4a1b-b43a-24f5e3e04e9b";
			};
			name = Release;
		};
		6393AD341B17616800239BB6 /* Debug */ = {
			isa = XCBuildConfiguration;
			buildSettings = {
				BUNDLE_LOADER = "$(TEST_HOST)";
				CODE_SIGN_IDENTITY = "iPhone Developer: XianShun Chen (75FLFJ42ES)";
				FRAMEWORK_SEARCH_PATHS = (
					"$(SDKROOT)/Developer/Library/Frameworks",
					"$(inherited)",
				);
				GCC_PREPROCESSOR_DEFINITIONS = (
					"DEBUG=1",
					"$(inherited)",
				);
				INFOPLIST_FILE = BEMoreTests/Info.plist;
				LD_RUNPATH_SEARCH_PATHS = "$(inherited) @executable_path/Frameworks @loader_path/Frameworks";
				PRODUCT_NAME = "$(TARGET_NAME)";
				PROVISIONING_PROFILE = "afb02b51-302a-4a1b-b43a-24f5e3e04e9b";
				TEST_HOST = "$(BUILT_PRODUCTS_DIR)/BEMore.app/BEMore";
			};
			name = Debug;
		};
		6393AD351B17616800239BB6 /* Release */ = {
			isa = XCBuildConfiguration;
			buildSettings = {
				BUNDLE_LOADER = "$(TEST_HOST)";
				CODE_SIGN_IDENTITY = "iPhone Developer: XianShun Chen (75FLFJ42ES)";
				FRAMEWORK_SEARCH_PATHS = (
					"$(SDKROOT)/Developer/Library/Frameworks",
					"$(inherited)",
				);
				INFOPLIST_FILE = BEMoreTests/Info.plist;
				LD_RUNPATH_SEARCH_PATHS = "$(inherited) @executable_path/Frameworks @loader_path/Frameworks";
				PRODUCT_NAME = "$(TARGET_NAME)";
				PROVISIONING_PROFILE = "afb02b51-302a-4a1b-b43a-24f5e3e04e9b";
				TEST_HOST = "$(BUILT_PRODUCTS_DIR)/BEMore.app/BEMore";
			};
			name = Release;
		};
/* End XCBuildConfiguration section */

/* Begin XCConfigurationList section */
		6393AD081B17616800239BB6 /* Build configuration list for PBXProject "BEMore" */ = {
			isa = XCConfigurationList;
			buildConfigurations = (
				6393AD2E1B17616800239BB6 /* Debug */,
				6393AD2F1B17616800239BB6 /* Release */,
			);
			defaultConfigurationIsVisible = 0;
			defaultConfigurationName = Release;
		};
		6393AD301B17616800239BB6 /* Build configuration list for PBXNativeTarget "BEMore" */ = {
			isa = XCConfigurationList;
			buildConfigurations = (
				6393AD311B17616800239BB6 /* Debug */,
				6393AD321B17616800239BB6 /* Release */,
			);
			defaultConfigurationIsVisible = 0;
			defaultConfigurationName = Release;
		};
		6393AD331B17616800239BB6 /* Build configuration list for PBXNativeTarget "BEMoreTests" */ = {
			isa = XCConfigurationList;
			buildConfigurations = (
				6393AD341B17616800239BB6 /* Debug */,
				6393AD351B17616800239BB6 /* Release */,
			);
			defaultConfigurationIsVisible = 0;
			defaultConfigurationName = Release;
		};
/* End XCConfigurationList section */
	};
	rootObject = 6393AD051B17616800239BB6 /* Project object */;
}
